
Microsoft Visual Studio Solution File, Format Version 12.00
# Visual Studio Version 16
VisualStudioVersion = 16.0.30320.27
MinimumVisualStudioVersion = 10.0.40219.1
Project("{9A19103F-16F7-4668-BE54-9A1E7A4F7556}") = "Foundation", "Foundation\Foundation.csproj", "{AA8A51E2-40CC-4122-91A9-8A708431FCA4}"
EndProject
Global
	GlobalSection(SolutionConfigurationPlatforms) = preSolution
		Debug|Any CPU = Debug|Any CPU
		Release|Any CPU = Release|Any CPU
	EndGlobalSection
	GlobalSection(ProjectConfigurationPlatforms) = postSolution
		{AA8A51E2-40CC-4122-91A9-8A708431FCA4}.Debug|Any CPU.ActiveCfg = Debug|Any CPU
		{AA8A51E2-40CC-4122-91A9-8A708431FCA4}.Debug|Any CPU.Build.0 = Debug|Any CPU
		{AA8A51E2-40CC-4122-91A9-8A708431FCA4}.Release|Any CPU.ActiveCfg = Release|Any CPU
		{AA8A51E2-40CC-4122-91A9-8A708431FCA4}.Release|Any CPU.Build.0 = Release|Any CPU
	EndGlobalSection
	GlobalSection(SolutionProperties) = preSolution
		HideSolutionNode = FALSE
	EndGlobalSection
	GlobalSection(ExtensibilityGlobals) = postSolution
		SolutionGuid = {A5EFD890-7239-4209-BA4B-AB823F42A003}
	EndGlobalSection
EndGlobal
